// !$*UTF8*$!
{
	archiveVersion = 1;
	classes = {
	};
	objectVersion = 46;
	objects = {

/* Begin PBXBuildFile section */
		B9442FC71D1BA7200080F08F /* AppDelegate.swift in Sources */ = {isa = PBXBuildFile; fileRef = B9442FC61D1BA7200080F08F /* AppDelegate.swift */; };
		B9442FC91D1BA7200080F08F /* ViewController.swift in Sources */ = {isa = PBXBuildFile; fileRef = B9442FC81D1BA7200080F08F /* ViewController.swift */; };
		B9442FCC1D1BA7200080F08F /* Main.storyboard in Resources */ = {isa = PBXBuildFile; fileRef = B9442FCA1D1BA7200080F08F /* Main.storyboard */; };
		B9442FCE1D1BA7200080F08F /* Assets.xcassets in Resources */ = {isa = PBXBuildFile; fileRef = B9442FCD1D1BA7200080F08F /* Assets.xcassets */; };
		B9442FD11D1BA7200080F08F /* LaunchScreen.storyboard in Resources */ = {isa = PBXBuildFile; fileRef = B9442FCF1D1BA7200080F08F /* LaunchScreen.storyboard */; };
/* End PBXBuildFile section */

/* Begin PBXFileReference section */
		B9442FC31D1BA7200080F08F /* hello.app */ = {isa = PBXFileReference; explicitFileType = wrapper.application; includeInIndex = 0; path = hello.app; sourceTree = BUILT_PRODUCTS_DIR; };
		B9442FC61D1BA7200080F08F /* AppDelegate.swift */ = {isa = PBXFileReference; lastKnownFileType = sourcecode.swift; path = AppDelegate.swift; sourceTree = "<group>"; };
		B9442FC81D1BA7200080F08F /* ViewController.swift */ = {isa = PBXFileReference; lastKnownFileType = sourcecode.swift; path = ViewController.swift; sourceTree = "<group>"; };
		B9442FCB1D1BA7200080F08F /* Base */ = {isa = PBXFileReference; lastKnownFileType = file.storyboard; name = Base; path = Base.lproj/Main.storyboard; sourceTree = "<group>"; };
		B9442FCD1D1BA7200080F08F /* Assets.xcassets */ = {isa = PBXFileReference; lastKnownFileType = folder.assetcatalog; path = Assets.xcassets; sourceTree = "<group>"; };
		B9442FD01D1BA7200080F08F /* Base */ = {isa = PBXFileReference; lastKnownFileType = file.storyboard; name = Base; path = Base.lproj/LaunchScreen.storyboard; sourceTree = "<group>"; };
		B9442FD21D1BA7200080F08F /* Info.plist */ = {isa = PBXFileReference; lastKnownFileType = text.plist.xml; path = Info.plist; sourceTree = "<group>"; };
/* End PBXFileReference section */

/* Begin PBXFrameworksBuildPhase section */
		B9442FC01D1BA7200080F08F /* Frameworks */ = {
			isa = PBXFrameworksBuildPhase;
			buildActionMask = 2147483647;
			files = (
			);
			runOnlyForDeploymentPostprocessing = 0;
		};
/* End PBXFrameworksBuildPhase section */

/* Begin PBXGroup section */
		B9442FBA1D1BA7200080F08F = {
			isa = PBXGroup;
			children = (
				B9442FC51D1BA7200080F08F /* hello */,
				B9442FC41D1BA7200080F08F /* Products */,
			);
			sourceTree = "<group>";
		};
		B9442FC41D1BA7200080F08F /* Products */ = {
			isa = PBXGroup;
			children = (
				B9442FC31D1BA7200080F08F /* hello.app */,
			);
			name = Products;
			sourceTree = "<group>";
		};
		B9442FC51D1BA7200080F08F /* hello */ = {
			isa = PBXGroup;
			children = (
				B9442FC61D1BA7200080F08F /* AppDelegate.swift */,
				B9442FC81D1BA7200080F08F /* ViewController.swift */,
				B9442FCA1D1BA7200080F08F /* Main.storyboard */,
				B9442FCD1D1BA7200080F08F /* Assets.xcassets */,
				B9442FCF1D1BA7200080F08F /* LaunchScreen.storyboard */,
				B9442FD21D1BA7200080F08F /* Info.plist */,
			);
			path = hello;
			sourceTree = "<group>";
		};
/* End PBXGroup section */

/* Begin PBXNativeTarget section */
		B9442FC21D1BA7200080F08F /* hello */ = {
			isa = PBXNativeTarget;
			buildConfigurationList = B9442FD51D1BA7200080F08F /* Build configuration list for PBXNativeTarget "hello" */;
			buildPhases = (
				B9442FBF1D1BA7200080F08F /* Sources */,
				B9442FC01D1BA7200080F08F /* Frameworks */,
				B9442FC11D1BA7200080F08F /* Resources */,
			);
			buildRules = (
			);
			dependencies = (
			);
			name = hello;
			productName = hello;
			productReference = B9442FC31D1BA7200080F08F /* hello.app */;
			productType = "com.apple.product-type.application";
		};
/* End PBXNativeTarget section */

/* Begin PBXProject section */
		B9442FBB1D1BA7200080F08F /* Project object */ = {
			isa = PBXProject;
			attributes = {
				LastSwiftUpdateCheck = 0730;
				LastUpgradeCheck = 0730;
				ORGANIZATIONNAME = "Gunjan Gauri";
				TargetAttributes = {
					B9442FC21D1BA7200080F08F = {
						CreatedOnToolsVersion = 7.3.1;
						DevelopmentTeam = PKCN54HEQB;
					};
				};
			};
			buildConfigurationList = B9442FBE1D1BA7200080F08F /* Build configuration list for PBXProject "hello" */;
			compatibilityVersion = "Xcode 3.2";
			developmentRegion = English;
			hasScannedForEncodings = 0;
			knownRegions = (
				en,
				Base,
			);
			mainGroup = B9442FBA1D1BA7200080F08F;
			productRefGroup = B9442FC41D1BA7200080F08F /* Products */;
			projectDirPath = "";
			projectRoot = "";
			targets = (
				B9442FC21D1BA7200080F08F /* hello */,
			);
		};
/* End PBXProject section */

/* Begin PBXResourcesBuildPhase section */
		B9442FC11D1BA7200080F08F /* Resources */ = {
			isa = PBXResourcesBuildPhase;
			buildActionMask = 2147483647;
			files = (
				B9442FD11D1BA7200080F08F /* LaunchScreen.storyboard in Resources */,
				B9442FCE1D1BA7200080F08F /* Assets.xcassets in Resources */,
				B9442FCC1D1BA7200080F08F /* Main.storyboard in Resources */,
			);
			runOnlyForDeploymentPostprocessing = 0;
		};
/* End PBXResourcesBuildPhase section */

/* Begin PBXSourcesBuildPhase section */
		B9442FBF1D1BA7200080F08F /* Sources */ = {
			isa = PBXSourcesBuildPhase;
			buildActionMask = 2147483647;
			files = (
				B9442FC91D1BA7200080F08F /* ViewController.swift in Sources */,
				B9442FC71D1BA7200080F08F /* AppDelegate.swift in Sources */,
			);
			runOnlyForDeploymentPostprocessing = 0;
		};
/* End PBXSourcesBuildPhase section */

/* Begin PBXVariantGroup section */
		B9442FCA1D1BA7200080F08F /* Main.storyboard */ = {
			isa = PBXVariantGroup;
			children = (
				B9442FCB1D1BA7200080F08F /* Base */,
			);
			name = Main.storyboard;
			sourceTree = "<group>";
		};
		B9442FCF1D1BA7200080F08F /* LaunchScreen.storyboard */ = {
			isa = PBXVariantGroup;
			children = (
				B9442FD01D1BA7200080F08F /* Base */,
			);
			name = LaunchScreen.storyboard;
			sourceTree = "<group>";
		};
/* End PBXVariantGroup section */

/* Begin XCBuildConfiguration section */
		B9442FD31D1BA7200080F08F /* Debug */ = {
			isa = XCBuildConfiguration;
			buildSettings = {
				ALWAYS_SEARCH_USER_PATHS = NO;
				CLANG_ANALYZER_NONNULL = YES;
				CLANG_CXX_LANGUAGE_STANDARD = "gnu++0x";
				CLANG_CXX_LIBRARY = "libc++";
				CLANG_ENABLE_MODULES = YES;
				CLANG_ENABLE_OBJC_ARC = YES;
				CLANG_WARN_BOOL_CONVERSION = YES;
				CLANG_WARN_CONSTANT_CONVERSION = YES;
				CLANG_WARN_DIRECT_OBJC_ISA_USAGE = YES_ERROR;
				CLANG_WARN_EMPTY_BODY = YES;
				CLANG_WARN_ENUM_CONVERSION = YES;
				CLANG_WARN_INT_CONVERSION = YES;
				CLANG_WARN_OBJC_ROOT_CLASS = YES_ERROR;
				CLANG_WARN_UNREACHABLE_CODE = YES;
				CLANG_WARN__DUPLICATE_METHOD_MATCH = YES;
				"CODE_SIGN_IDENTITY[sdk=iphoneos*]" = "iPhone Developer";
				COPY_PHASE_STRIP = NO;
				DEBUG_INFORMATION_FORMAT = dwarf;
				ENABLE_STRICT_OBJC_MSGSEND = YES;
				ENABLE_TESTABILITY = YES;
				GCC_C_LANGUAGE_STANDARD = gnu99;
				GCC_DYNAMIC_NO_PIC = NO;
				GCC_NO_COMMON_BLOCKS = YES;
				GCC_OPTIMIZATION_LEVEL = 0;
				GCC_PREPROCESSOR_DEFINITIONS = (
					"DEBUG=1",
					"$(inherited)",
				);
				GCC_WARN_64_TO_32_BIT_CONVERSION = YES;
				GCC_WARN_ABOUT_RETURN_TYPE = YES_ERROR;
				GCC_WARN_UNDECLARED_SELECTOR = YES;
				GCC_WARN_UNINITIALIZED_AUTOS = YES_AGGRESSIVE;
				GCC_WARN_UNUSED_FUNCTION = YES;
				GCC_WARN_UNUSED_VARIABLE = YES;
				IPHONEOS_DEPLOYMENT_TARGET = 9.3;
				MTL_ENABLE_DEBUG_INFO = YES;
				ONLY_ACTIVE_ARCH = YES;
				SDKROOT = iphoneos;
				SWIFT_OPTIMIZATION_LEVEL = "-Onone";
			};
			name = Debug;
		};
		B9442FD41D1BA7200080F08F /* Release */ = {
			isa = XCBuildConfiguration;
			buildSettings = {
				ALWAYS_SEARCH_USER_PATHS = NO;
				CLANG_ANALYZER_NONNULL = YES;
				CLANG_CXX_LANGUAGE_STANDARD = "gnu++0x";
				CLANG_CXX_LIBRARY = "libc++";
				CLANG_ENABLE_MODULES = YES;
				CLANG_ENABLE_OBJC_ARC = YES;
				CLANG_WARN_BOOL_CONVERSION = YES;
				CLANG_WARN_CONSTANT_CONVERSION = YES;
				CLANG_WARN_DIRECT_OBJC_ISA_USAGE = YES_ERROR;
				CLANG_WARN_EMPTY_BODY = YES;
				CLANG_WARN_ENUM_CONVERSION = YES;
				CLANG_WARN_INT_CONVERSION = YES;
				CLANG_WARN_OBJC_ROOT_CLASS = YES_ERROR;
				CLANG_WARN_UNREACHABLE_CODE = YES;
				CLANG_WARN__DUPLICATE_METHOD_MATCH = YES;
				"CODE_SIGN_IDENTITY[sdk=iphoneos*]" = "iPhone Developer";
				COPY_PHASE_STRIP = NO;
				DEBUG_INFORMATION_FORMAT = "dwarf-with-dsym";
				ENABLE_NS_ASSERTIONS = NO;
				ENABLE_STRICT_OBJC_MSGSEND = YES;
				GCC_C_LANGUAGE_STANDARD = gnu99;
				GCC_NO_COMMON_BLOCKS = YES;
				GCC_WARN_64_TO_32_BIT_CONVERSION = YES;
				GCC_WARN_ABOUT_RETURN_TYPE = YES_ERROR;
				GCC_WARN_UNDECLARED_SELECTOR = YES;
				GCC_WARN_UNINITIALIZED_AUTOS = YES_AGGRESSIVE;
				GCC_WARN_UNUSED_FUNCTION = YES;
				GCC_WARN_UNUSED_VARIABLE = YES;
				IPHONEOS_DEPLOYMENT_TARGET = 9.3;
				MTL_ENABLE_DEBUG_INFO = NO;
				SDKROOT = iphoneos;
				VALIDATE_PRODUCT = YES;
			};
			name = Release;
		};
		B9442FD61D1BA7200080F08F /* Debug */ = {
			isa = XCBuildConfiguration;
			buildSettings = {
				ASSETCATALOG_COMPILER_APPICON_NAME = AppIcon;
				INFOPLIST_FILE = hello/Info.plist;
				LD_RUNPATH_SEARCH_PATHS = "$(inherited) @executable_path/Frameworks";
				PRODUCT_BUNDLE_IDENTIFIER = com.example.hello;
				PRODUCT_NAME = "$(TARGET_NAME)";
			};
			name = Debug;
		};
		B9442FD71D1BA7200080F08F /* Release */ = {
			isa = XCBuildConfiguration;
			buildSettings = {
				ASSETCATALOG_COMPILER_APPICON_NAME = AppIcon;
				INFOPLIST_FILE = hello/Info.plist;
				LD_RUNPATH_SEARCH_PATHS = "$(inherited) @executable_path/Frameworks";
				PRODUCT_BUNDLE_IDENTIFIER = com.example.hello;
				PRODUCT_NAME = "$(TARGET_NAME)";
			};
			name = Release;
		};
/* End XCBuildConfiguration section */

/* Begin XCConfigurationList section */
		B9442FBE1D1BA7200080F08F /* Build configuration list for PBXProject "hello" */ = {
			isa = XCConfigurationList;
			buildConfigurations = (
				B9442FD31D1BA7200080F08F /* Debug */,
				B9442FD41D1BA7200080F08F /* Release */,
			);
			defaultConfigurationIsVisible = 0;
			defaultConfigurationName = Release;
		};
		B9442FD51D1BA7200080F08F /* Build configuration list for PBXNativeTarget "hello" */ = {
			isa = XCConfigurationList;
			buildConfigurations = (
				B9442FD61D1BA7200080F08F /* Debug */,
				B9442FD71D1BA7200080F08F /* Release */,
			);
			defaultConfigurationIsVisible = 0;
		};
/* End XCConfigurationList section */
	};
	rootObject = B9442FBB1D1BA7200080F08F /* Project object */;
}
